// !$*UTF8*$!
{
	archiveVersion = 1;
	classes = {
	};
	objectVersion = 48;
	objects = {

/* Begin PBXBuildFile section */
		D687D4912028A740004A6EAB /* AppDelegate.swift in Sources */ = {isa = PBXBuildFile; fileRef = D687D4902028A740004A6EAB /* AppDelegate.swift */; };
		D687D4932028A740004A6EAB /* ViewController.swift in Sources */ = {isa = PBXBuildFile; fileRef = D687D4922028A740004A6EAB /* ViewController.swift */; };
		D687D4962028A740004A6EAB /* Main.storyboard in Resources */ = {isa = PBXBuildFile; fileRef = D687D4942028A740004A6EAB /* Main.storyboard */; };
		D687D4982028A740004A6EAB /* Assets.xcassets in Resources */ = {isa = PBXBuildFile; fileRef = D687D4972028A740004A6EAB /* Assets.xcassets */; };
		D687D49B2028A740004A6EAB /* LaunchScreen.storyboard in Resources */ = {isa = PBXBuildFile; fileRef = D687D4992028A740004A6EAB /* LaunchScreen.storyboard */; };
		D687D4A32028A789004A6EAB /* Logger.swift in Sources */ = {isa = PBXBuildFile; fileRef = D687D4A22028A789004A6EAB /* Logger.swift */; };
		D687D4A52028A796004A6EAB /* BluetoothManager.swift in Sources */ = {isa = PBXBuildFile; fileRef = D687D4A42028A796004A6EAB /* BluetoothManager.swift */; };
/* End PBXBuildFile section */

/* Begin PBXFileReference section */
		D687D48D2028A740004A6EAB /* MultiServicePeri.app */ = {isa = PBXFileReference; explicitFileType = wrapper.application; includeInIndex = 0; path = MultiServicePeri.app; sourceTree = BUILT_PRODUCTS_DIR; };
		D687D4902028A740004A6EAB /* AppDelegate.swift */ = {isa = PBXFileReference; lastKnownFileType = sourcecode.swift; path = AppDelegate.swift; sourceTree = "<group>"; };
		D687D4922028A740004A6EAB /* ViewController.swift */ = {isa = PBXFileReference; lastKnownFileType = sourcecode.swift; path = ViewController.swift; sourceTree = "<group>"; };
		D687D4952028A740004A6EAB /* Base */ = {isa = PBXFileReference; lastKnownFileType = file.storyboard; name = Base; path = Base.lproj/Main.storyboard; sourceTree = "<group>"; };
		D687D4972028A740004A6EAB /* Assets.xcassets */ = {isa = PBXFileReference; lastKnownFileType = folder.assetcatalog; path = Assets.xcassets; sourceTree = "<group>"; };
		D687D49A2028A740004A6EAB /* Base */ = {isa = PBXFileReference; lastKnownFileType = file.storyboard; name = Base; path = Base.lproj/LaunchScreen.storyboard; sourceTree = "<group>"; };
		D687D49C2028A740004A6EAB /* Info.plist */ = {isa = PBXFileReference; lastKnownFileType = text.plist.xml; path = Info.plist; sourceTree = "<group>"; };
		D687D4A22028A789004A6EAB /* Logger.swift */ = {isa = PBXFileReference; lastKnownFileType = sourcecode.swift; path = Logger.swift; sourceTree = "<group>"; };
		D687D4A42028A796004A6EAB /* BluetoothManager.swift */ = {isa = PBXFileReference; lastKnownFileType = sourcecode.swift; path = BluetoothManager.swift; sourceTree = "<group>"; };
/* End PBXFileReference section */

/* Begin PBXFrameworksBuildPhase section */
		D687D48A2028A740004A6EAB /* Frameworks */ = {
			isa = PBXFrameworksBuildPhase;
			buildActionMask = 2147483647;
			files = (
			);
			runOnlyForDeploymentPostprocessing = 0;
		};
/* End PBXFrameworksBuildPhase section */

/* Begin PBXGroup section */
		D687D4842028A740004A6EAB = {
			isa = PBXGroup;
			children = (
				D687D48F2028A740004A6EAB /* MultiServicePeri */,
				D687D48E2028A740004A6EAB /* Products */,
			);
			sourceTree = "<group>";
		};
		D687D48E2028A740004A6EAB /* Products */ = {
			isa = PBXGroup;
			children = (
				D687D48D2028A740004A6EAB /* MultiServicePeri.app */,
			);
			name = Products;
			sourceTree = "<group>";
		};
		D687D48F2028A740004A6EAB /* MultiServicePeri */ = {
			isa = PBXGroup;
			children = (
				D687D4A22028A789004A6EAB /* Logger.swift */,
				D687D4A42028A796004A6EAB /* BluetoothManager.swift */,
				D687D4902028A740004A6EAB /* AppDelegate.swift */,
				D687D4922028A740004A6EAB /* ViewController.swift */,
				D687D4942028A740004A6EAB /* Main.storyboard */,
				D687D4972028A740004A6EAB /* Assets.xcassets */,
				D687D4992028A740004A6EAB /* LaunchScreen.storyboard */,
				D687D49C2028A740004A6EAB /* Info.plist */,
			);
			path = MultiServicePeri;
			sourceTree = "<group>";
		};
/* End PBXGroup section */

/* Begin PBXNativeTarget section */
		D687D48C2028A740004A6EAB /* MultiServicePeri */ = {
			isa = PBXNativeTarget;
			buildConfigurationList = D687D49F2028A741004A6EAB /* Build configuration list for PBXNativeTarget "MultiServicePeri" */;
			buildPhases = (
				D687D4892028A740004A6EAB /* Sources */,
				D687D48A2028A740004A6EAB /* Frameworks */,
				D687D48B2028A740004A6EAB /* Resources */,
			);
			buildRules = (
			);
			dependencies = (
			);
			name = MultiServicePeri;
			productName = MultiServicePeri;
			productReference = D687D48D2028A740004A6EAB /* MultiServicePeri.app */;
			productType = "com.apple.product-type.application";
		};
/* End PBXNativeTarget section */

/* Begin PBXProject section */
		D687D4852028A740004A6EAB /* Project object */ = {
			isa = PBXProject;
			attributes = {
				LastSwiftUpdateCheck = 0920;
				LastUpgradeCheck = 0920;
				ORGANIZATIONNAME = Imprivata;
				TargetAttributes = {
					D687D48C2028A740004A6EAB = {
						CreatedOnToolsVersion = 9.2;
						ProvisioningStyle = Automatic;
						SystemCapabilities = {
							com.apple.BackgroundModes = {
								enabled = 1;
							};
						};
					};
				};
			};
			buildConfigurationList = D687D4882028A740004A6EAB /* Build configuration list for PBXProject "MultiServicePeri" */;
			compatibilityVersion = "Xcode 8.0";
			developmentRegion = en;
			hasScannedForEncodings = 0;
			knownRegions = (
				en,
				Base,
			);
			mainGroup = D687D4842028A740004A6EAB;
			productRefGroup = D687D48E2028A740004A6EAB /* Products */;
			projectDirPath = "";
			projectRoot = "";
			targets = (
				D687D48C2028A740004A6EAB /* MultiServicePeri */,
			);
		};
/* End PBXProject section */

/* Begin PBXResourcesBuildPhase section */
		D687D48B2028A740004A6EAB /* Resources */ = {
			isa = PBXResourcesBuildPhase;
			buildActionMask = 2147483647;
			files = (
				D687D49B2028A740004A6EAB /* LaunchScreen.storyboard in Resources */,
				D687D4982028A740004A6EAB /* Assets.xcassets in Resources */,
				D687D4962028A740004A6EAB /* Main.storyboard in Resources */,
			);
			runOnlyForDeploymentPostprocessing = 0;
		};
/* End PBXResourcesBuildPhase section */

/* Begin PBXSourcesBuildPhase section */
		D687D4892028A740004A6EAB /* Sources */ = {
			isa = PBXSourcesBuildPhase;
			buildActionMask = 2147483647;
			files = (
				D687D4932028A740004A6EAB /* ViewController.swift in Sources */,
				D687D4A32028A789004A6EAB /* Logger.swift in Sources */,
				D687D4A52028A796004A6EAB /* BluetoothManager.swift in Sources */,
				D687D4912028A740004A6EAB /* AppDelegate.swift in Sources */,
			);
			runOnlyForDeploymentPostprocessing = 0;
		};
/* End PBXSourcesBuildPhase section */

/* Begin PBXVariantGroup section */
		D687D4942028A740004A6EAB /* Main.storyboard */ = {
			isa = PBXVariantGroup;
			children = (
				D687D4952028A740004A6EAB /* Base */,
			);
			name = Main.storyboard;
			sourceTree = "<group>";
		};
		D687D4992028A740004A6EAB /* LaunchScreen.storyboard */ = {
			isa = PBXVariantGroup;
			children = (
				D687D49A2028A740004A6EAB /* Base */,
			);
			name = LaunchScreen.storyboard;
			sourceTree = "<group>";
		};
/* End PBXVariantGroup section */

/* Begin XCBuildConfiguration section */
		D687D49D2028A740004A6EAB /* Debug */ = {
			isa = XCBuildConfiguration;
			buildSettings = {
				ALWAYS_SEARCH_USER_PATHS = NO;
				CLANG_ANALYZER_NONNULL = YES;
				CLANG_ANALYZER_NUMBER_OBJECT_CONVERSION = YES_AGGRESSIVE;
				CLANG_CXX_LANGUAGE_STANDARD = "gnu++14";
				CLANG_CXX_LIBRARY = "libc++";
				CLANG_ENABLE_MODULES = YES;
				CLANG_ENABLE_OBJC_ARC = YES;
				CLANG_WARN_BLOCK_CAPTURE_AUTORELEASING = YES;
				CLANG_WARN_BOOL_CONVERSION = YES;
				CLANG_WARN_COMMA = YES;
				CLANG_WARN_CONSTANT_CONVERSION = YES;
				CLANG_WARN_DIRECT_OBJC_ISA_USAGE = YES_ERROR;
				CLANG_WARN_DOCUMENTATION_COMMENTS = YES;
				CLANG_WARN_EMPTY_BODY = YES;
				CLANG_WARN_ENUM_CONVERSION = YES;
				CLANG_WARN_INFINITE_RECURSION = YES;
				CLANG_WARN_INT_CONVERSION = YES;
				CLANG_WARN_NON_LITERAL_NULL_CONVERSION = YES;
				CLANG_WARN_OBJC_LITERAL_CONVERSION = YES;
				CLANG_WARN_OBJC_ROOT_CLASS = YES_ERROR;
				CLANG_WARN_RANGE_LOOP_ANALYSIS = YES;
				CLANG_WARN_STRICT_PROTOTYPES = YES;
				CLANG_WARN_SUSPICIOUS_MOVE = YES;
				CLANG_WARN_UNGUARDED_AVAILABILITY = YES_AGGRESSIVE;
				CLANG_WARN_UNREACHABLE_CODE = YES;
				CLANG_WARN__DUPLICATE_METHOD_MATCH = YES;
				CODE_SIGN_IDENTITY = "iPhone Developer";
				COPY_PHASE_STRIP = NO;
				DEBUG_INFORMATION_FORMAT = dwarf;
				ENABLE_STRICT_OBJC_MSGSEND = YES;
				ENABLE_TESTABILITY = YES;
				GCC_C_LANGUAGE_STANDARD = gnu11;
				GCC_DYNAMIC_NO_PIC = NO;
				GCC_NO_COMMON_BLOCKS = YES;
				GCC_OPTIMIZATION_LEVEL = 0;
				GCC_PREPROCESSOR_DEFINITIONS = (
					"DEBUG=1",
					"$(inherited)",
				);
				GCC_WARN_64_TO_32_BIT_CONVERSION = YES;
				GCC_WARN_ABOUT_RETURN_TYPE = YES_ERROR;
				GCC_WARN_UNDECLARED_SELECTOR = YES;
				GCC_WARN_UNINITIALIZED_AUTOS = YES_AGGRESSIVE;
				GCC_WARN_UNUSED_FUNCTION = YES;
				GCC_WARN_UNUSED_VARIABLE = YES;
				IPHONEOS_DEPLOYMENT_TARGET = 11.2;
				MTL_ENABLE_DEBUG_INFO = YES;
				ONLY_ACTIVE_ARCH = YES;
				SDKROOT = iphoneos;
				SWIFT_ACTIVE_COMPILATION_CONDITIONS = DEBUG;
				SWIFT_OPTIMIZATION_LEVEL = "-Onone";
			};
			name = Debug;
		};
		D687D49E2028A740004A6EAB /* Release */ = {
			isa = XCBuildConfiguration;
			buildSettings = {
				ALWAYS_SEARCH_USER_PATHS = NO;
				CLANG_ANALYZER_NONNULL = YES;
				CLANG_ANALYZER_NUMBER_OBJECT_CONVERSION = YES_AGGRESSIVE;
				CLANG_CXX_LANGUAGE_STANDARD = "gnu++14";
				CLANG_CXX_LIBRARY = "libc++";
				CLANG_ENABLE_MODULES = YES;
				CLANG_ENABLE_OBJC_ARC = YES;
				CLANG_WARN_BLOCK_CAPTURE_AUTORELEASING = YES;
				CLANG_WARN_BOOL_CONVERSION = YES;
				CLANG_WARN_COMMA = YES;
				CLANG_WARN_CONSTANT_CONVERSION = YES;
				CLANG_WARN_DIRECT_OBJC_ISA_USAGE = YES_ERROR;
				CLANG_WARN_DOCUMENTATION_COMMENTS = YES;
				CLANG_WARN_EMPTY_BODY = YES;
				CLANG_WARN_ENUM_CONVERSION = YES;
				CLANG_WARN_INFINITE_RECURSION = YES;
				CLANG_WARN_INT_CONVERSION = YES;
				CLANG_WARN_NON_LITERAL_NULL_CONVERSION = YES;
				CLANG_WARN_OBJC_LITERAL_CONVERSION = YES;
				CLANG_WARN_OBJC_ROOT_CLASS = YES_ERROR;
				CLANG_WARN_RANGE_LOOP_ANALYSIS = YES;
				CLANG_WARN_STRICT_PROTOTYPES = YES;
				CLANG_WARN_SUSPICIOUS_MOVE = YES;
				CLANG_WARN_UNGUARDED_AVAILABILITY = YES_AGGRESSIVE;
				CLANG_WARN_UNREACHABLE_CODE = YES;
				CLANG_WARN__DUPLICATE_METHOD_MATCH = YES;
				CODE_SIGN_IDENTITY = "iPhone Developer";
				COPY_PHASE_STRIP = NO;
				DEBUG_INFORMATION_FORMAT = "dwarf-with-dsym";
				ENABLE_NS_ASSERTIONS = NO;
				ENABLE_STRICT_OBJC_MSGSEND = YES;
				GCC_C_LANGUAGE_STANDARD = gnu11;
				GCC_NO_COMMON_BLOCKS = YES;
				GCC_WARN_64_TO_32_BIT_CONVERSION = YES;
				GCC_WARN_ABOUT_RETURN_TYPE = YES_ERROR;
				GCC_WARN_UNDECLARED_SELECTOR = YES;
				GCC_WARN_UNINITIALIZED_AUTOS = YES_AGGRESSIVE;
				GCC_WARN_UNUSED_FUNCTION = YES;
				GCC_WARN_UNUSED_VARIABLE = YES;
				IPHONEOS_DEPLOYMENT_TARGET = 11.2;
				MTL_ENABLE_DEBUG_INFO = NO;
				SDKROOT = iphoneos;
				SWIFT_OPTIMIZATION_LEVEL = "-Owholemodule";
				VALIDATE_PRODUCT = YES;
			};
			name = Release;
		};
		D687D4A02028A741004A6EAB /* Debug */ = {
			isa = XCBuildConfiguration;
			buildSettings = {
				ASSETCATALOG_COMPILER_APPICON_NAME = AppIcon;
				CODE_SIGN_STYLE = Automatic;
				DEVELOPMENT_TEAM = 4M5ZN5CV6L;
				INFOPLIST_FILE = MultiServicePeri/Info.plist;
				LD_RUNPATH_SEARCH_PATHS = "$(inherited) @executable_path/Frameworks";
				PRODUCT_BUNDLE_IDENTIFIER = com.imprivata.MultiServicePeri;
				PRODUCT_NAME = "$(TARGET_NAME)";
				SWIFT_VERSION = 4.0;
				TARGETED_DEVICE_FAMILY = "1,2";
			};
			name = Debug;
		};
		D687D4A12028A741004A6EAB /* Release */ = {
			isa = XCBuildConfiguration;
			buildSettings = {
				ASSETCATALOG_COMPILER_APPICON_NAME = AppIcon;
				CODE_SIGN_STYLE = Automatic;
				DEVELOPMENT_TEAM = 4M5ZN5CV6L;
				INFOPLIST_FILE = MultiServicePeri/Info.plist;
				LD_RUNPATH_SEARCH_PATHS = "$(inherited) @executable_path/Frameworks";
				PRODUCT_BUNDLE_IDENTIFIER = com.imprivata.MultiServicePeri;
				PRODUCT_NAME = "$(TARGET_NAME)";
				SWIFT_VERSION = 4.0;
				TARGETED_DEVICE_FAMILY = "1,2";
			};
			name = Release;
		};
/* End XCBuildConfiguration section */

/* Begin XCConfigurationList section */
		D687D4882028A740004A6EAB /* Build configuration list for PBXProject "MultiServicePeri" */ = {
			isa = XCConfigurationList;
			buildConfigurations = (
				D687D49D2028A740004A6EAB /* Debug */,
				D687D49E2028A740004A6EAB /* Release */,
			);
			defaultConfigurationIsVisible = 0;
			defaultConfigurationName = Release;
		};
		D687D49F2028A741004A6EAB /* Build configuration list for PBXNativeTarget "MultiServicePeri" */ = {
			isa = XCConfigurationList;
			buildConfigurations = (
				D687D4A02028A741004A6EAB /* Debug */,
				D687D4A12028A741004A6EAB /* Release */,
			);
			defaultConfigurationIsVisible = 0;
			defaultConfigurationName = Release;
		};
/* End XCConfigurationList section */
	};
	rootObject = D687D4852028A740004A6EAB /* Project object */;
}
